
Microsoft Visual Studio Solution File, Format Version 12.00
# Visual Studio Version 16
VisualStudioVersion = 16.0.33130.400
MinimumVisualStudioVersion = 10.0.40219.1
Project("{FAE04EC0-301F-11D3-BF4B-00C04F79EFBC}") = "QuanLyShopDongHo", "QuanLyShopDongHo\QuanLyShopDongHo.csproj", "{F6266750-9409-446E-929E-0B0E44FF0F70}"
EndProject
Global
	GlobalSection(SolutionConfigurationPlatforms) = preSolution
		Debug|Any CPU = Debug|Any CPU
		Release|Any CPU = Release|Any CPU
	EndGlobalSection
	GlobalSection(ProjectConfigurationPlatforms) = postSolution
		{F6266750-9409-446E-929E-0B0E44FF0F70}.Debug|Any CPU.ActiveCfg = Debug|Any CPU
		{F6266750-9409-446E-929E-0B0E44FF0F70}.Debug|Any CPU.Build.0 = Debug|Any CPU
		{F6266750-9409-446E-929E-0B0E44FF0F70}.Release|Any CPU.ActiveCfg = Release|Any CPU
		{F6266750-9409-446E-929E-0B0E44FF0F70}.Release|Any CPU.Build.0 = Release|Any CPU
	EndGlobalSection
	GlobalSection(SolutionProperties) = preSolution
		HideSolutionNode = FALSE
	EndGlobalSection
	GlobalSection(ExtensibilityGlobals) = postSolution
		SolutionGuid = {4CE33B23-6AFF-4627-92C1-539FAB0C8B4A}
	EndGlobalSection
EndGlobal
