
Microsoft Visual Studio Solution File, Format Version 12.00
# Visual Studio Version 17
VisualStudioVersion = 17.9.34622.214
MinimumVisualStudioVersion = 10.0.40219.1
Project("{9A19103F-16F7-4668-BE54-9A1E7A4F7556}") = "SanGiaoDich_BrotherHood.Server", "SanGiaoDich_BrotherHood\Server\SanGiaoDich_BrotherHood.Server.csproj", "{6CF4B3C4-1922-49B9-876B-4E4A0B6BFBF7}"
EndProject
Project("{9A19103F-16F7-4668-BE54-9A1E7A4F7556}") = "SanGiaoDich_BrotherHood.Client", "SanGiaoDich_BrotherHood\Client\SanGiaoDich_BrotherHood.Client.csproj", "{2D904528-BAF9-4AFB-B712-92C5EA2041AE}"
EndProject
Project("{9A19103F-16F7-4668-BE54-9A1E7A4F7556}") = "SanGiaoDich_BrotherHood.Shared", "SanGiaoDich_BrotherHood\Shared\SanGiaoDich_BrotherHood.Shared.csproj", "{B9A90EBD-5E58-487C-A23E-CAF2560C5799}"
EndProject
Project("{9A19103F-16F7-4668-BE54-9A1E7A4F7556}") = "API", "API\API.csproj", "{EE5CEA73-36AE-4BCE-9103-E70B60964B22}"
EndProject
Project("{9A19103F-16F7-4668-BE54-9A1E7A4F7556}") = "ServerAdmin", "ServerAdmin\ServerAdmin\ServerAdmin.csproj", "{9EE59D16-6907-48DD-A7F7-2DCE5E2CF9C4}"
EndProject
Global
	GlobalSection(SolutionConfigurationPlatforms) = preSolution
		Debug|Any CPU = Debug|Any CPU
		Release|Any CPU = Release|Any CPU
	EndGlobalSection
	GlobalSection(ProjectConfigurationPlatforms) = postSolution
		{6CF4B3C4-1922-49B9-876B-4E4A0B6BFBF7}.Debug|Any CPU.ActiveCfg = Debug|Any CPU
		{6CF4B3C4-1922-49B9-876B-4E4A0B6BFBF7}.Debug|Any CPU.Build.0 = Debug|Any CPU
		{6CF4B3C4-1922-49B9-876B-4E4A0B6BFBF7}.Release|Any CPU.ActiveCfg = Release|Any CPU
		{6CF4B3C4-1922-49B9-876B-4E4A0B6BFBF7}.Release|Any CPU.Build.0 = Release|Any CPU
		{2D904528-BAF9-4AFB-B712-92C5EA2041AE}.Debug|Any CPU.ActiveCfg = Debug|Any CPU
		{2D904528-BAF9-4AFB-B712-92C5EA2041AE}.Debug|Any CPU.Build.0 = Debug|Any CPU
		{2D904528-BAF9-4AFB-B712-92C5EA2041AE}.Release|Any CPU.ActiveCfg = Release|Any CPU
		{2D904528-BAF9-4AFB-B712-92C5EA2041AE}.Release|Any CPU.Build.0 = Release|Any CPU
		{B9A90EBD-5E58-487C-A23E-CAF2560C5799}.Debug|Any CPU.ActiveCfg = Debug|Any CPU
		{B9A90EBD-5E58-487C-A23E-CAF2560C5799}.Debug|Any CPU.Build.0 = Debug|Any CPU
		{B9A90EBD-5E58-487C-A23E-CAF2560C5799}.Release|Any CPU.ActiveCfg = Release|Any CPU
		{B9A90EBD-5E58-487C-A23E-CAF2560C5799}.Release|Any CPU.Build.0 = Release|Any CPU
		{EE5CEA73-36AE-4BCE-9103-E70B60964B22}.Debug|Any CPU.ActiveCfg = Debug|Any CPU
		{EE5CEA73-36AE-4BCE-9103-E70B60964B22}.Debug|Any CPU.Build.0 = Debug|Any CPU
		{EE5CEA73-36AE-4BCE-9103-E70B60964B22}.Release|Any CPU.ActiveCfg = Release|Any CPU
		{EE5CEA73-36AE-4BCE-9103-E70B60964B22}.Release|Any CPU.Build.0 = Release|Any CPU
		{9EE59D16-6907-48DD-A7F7-2DCE5E2CF9C4}.Debug|Any CPU.ActiveCfg = Debug|Any CPU
		{9EE59D16-6907-48DD-A7F7-2DCE5E2CF9C4}.Debug|Any CPU.Build.0 = Debug|Any CPU
		{9EE59D16-6907-48DD-A7F7-2DCE5E2CF9C4}.Release|Any CPU.ActiveCfg = Release|Any CPU
		{9EE59D16-6907-48DD-A7F7-2DCE5E2CF9C4}.Release|Any CPU.Build.0 = Release|Any CPU
	EndGlobalSection
	GlobalSection(SolutionProperties) = preSolution
		HideSolutionNode = FALSE
	EndGlobalSection
	GlobalSection(ExtensibilityGlobals) = postSolution
		SolutionGuid = {79FC3E0E-4D7B-4315-BDA3-B501EEE4AA34}
	EndGlobalSection
EndGlobal
