
Microsoft Visual Studio Solution File, Format Version 12.00
# Visual Studio Version 17
VisualStudioVersion = 17.9.34622.214
MinimumVisualStudioVersion = 10.0.40219.1
Project("{9A19103F-16F7-4668-BE54-9A1E7A4F7556}") = "Blazor.Server", "Blazor\Server\Blazor.Server.csproj", "{AA974A2C-96C7-4742-9979-1D8B10061F3F}"
EndProject
Project("{9A19103F-16F7-4668-BE54-9A1E7A4F7556}") = "Blazor.Client", "Blazor\Client\Blazor.Client.csproj", "{9894C966-BDA5-47D4-AF51-169062DDD463}"
EndProject
Project("{9A19103F-16F7-4668-BE54-9A1E7A4F7556}") = "Blazor.Shared", "Blazor\Shared\Blazor.Shared.csproj", "{F56F64B3-A9F9-41CF-91A2-1F5E4B832354}"
EndProject
Project("{9A19103F-16F7-4668-BE54-9A1E7A4F7556}") = "API", "API\API.csproj", "{B424B6F3-8C08-4BCB-B4F8-35E07D1B1188}"
EndProject
Project("{9A19103F-16F7-4668-BE54-9A1E7A4F7556}") = "Admin", "Admin\Admin.csproj", "{959B3050-1D79-4514-B9CB-997E599DC38B}"
EndProject
Global
	GlobalSection(SolutionConfigurationPlatforms) = preSolution
		Debug|Any CPU = Debug|Any CPU
		Release|Any CPU = Release|Any CPU
	EndGlobalSection
	GlobalSection(ProjectConfigurationPlatforms) = postSolution
		{AA974A2C-96C7-4742-9979-1D8B10061F3F}.Debug|Any CPU.ActiveCfg = Debug|Any CPU
		{AA974A2C-96C7-4742-9979-1D8B10061F3F}.Debug|Any CPU.Build.0 = Debug|Any CPU
		{AA974A2C-96C7-4742-9979-1D8B10061F3F}.Release|Any CPU.ActiveCfg = Release|Any CPU
		{AA974A2C-96C7-4742-9979-1D8B10061F3F}.Release|Any CPU.Build.0 = Release|Any CPU
		{9894C966-BDA5-47D4-AF51-169062DDD463}.Debug|Any CPU.ActiveCfg = Debug|Any CPU
		{9894C966-BDA5-47D4-AF51-169062DDD463}.Debug|Any CPU.Build.0 = Debug|Any CPU
		{9894C966-BDA5-47D4-AF51-169062DDD463}.Release|Any CPU.ActiveCfg = Release|Any CPU
		{9894C966-BDA5-47D4-AF51-169062DDD463}.Release|Any CPU.Build.0 = Release|Any CPU
		{F56F64B3-A9F9-41CF-91A2-1F5E4B832354}.Debug|Any CPU.ActiveCfg = Debug|Any CPU
		{F56F64B3-A9F9-41CF-91A2-1F5E4B832354}.Debug|Any CPU.Build.0 = Debug|Any CPU
		{F56F64B3-A9F9-41CF-91A2-1F5E4B832354}.Release|Any CPU.ActiveCfg = Release|Any CPU
		{F56F64B3-A9F9-41CF-91A2-1F5E4B832354}.Release|Any CPU.Build.0 = Release|Any CPU
		{B424B6F3-8C08-4BCB-B4F8-35E07D1B1188}.Debug|Any CPU.ActiveCfg = Debug|Any CPU
		{B424B6F3-8C08-4BCB-B4F8-35E07D1B1188}.Debug|Any CPU.Build.0 = Debug|Any CPU
		{B424B6F3-8C08-4BCB-B4F8-35E07D1B1188}.Release|Any CPU.ActiveCfg = Release|Any CPU
		{B424B6F3-8C08-4BCB-B4F8-35E07D1B1188}.Release|Any CPU.Build.0 = Release|Any CPU
		{959B3050-1D79-4514-B9CB-997E599DC38B}.Debug|Any CPU.ActiveCfg = Debug|Any CPU
		{959B3050-1D79-4514-B9CB-997E599DC38B}.Debug|Any CPU.Build.0 = Debug|Any CPU
		{959B3050-1D79-4514-B9CB-997E599DC38B}.Release|Any CPU.ActiveCfg = Release|Any CPU
		{959B3050-1D79-4514-B9CB-997E599DC38B}.Release|Any CPU.Build.0 = Release|Any CPU
	EndGlobalSection
	GlobalSection(SolutionProperties) = preSolution
		HideSolutionNode = FALSE
	EndGlobalSection
	GlobalSection(ExtensibilityGlobals) = postSolution
		SolutionGuid = {D49B72E8-B2E7-4267-B088-7384FF8ED308}
	EndGlobalSection
EndGlobal
